
Microsoft Visual Studio Solution File, Format Version 12.00
# Visual Studio 2013
VisualStudioVersion = 12.0.30501.0
MinimumVisualStudioVersion = 10.0.40219.1
Project("{FAE04EC0-301F-11D3-BF4B-00C04F79EFBC}") = "Singular.Web.Ui", "Singular.Web.Ui\Singular.Web.Ui.csproj", "{787D17D9-E000-462E-A6C7-B900A2BCAB77}"
EndProject
Project("{FAE04EC0-301F-11D3-BF4B-00C04F79EFBC}") = "Singular.Configuration", "Singular.Configuration\Singular.Configuration.csproj", "{844CD718-761B-4DFF-9CE8-704A6F4AA019}"
EndProject
Project("{FAE04EC0-301F-11D3-BF4B-00C04F79EFBC}") = "Singular.Configuration.Tests", "Singular.Configuration.Tests\Singular.Configuration.Tests.csproj", "{7AFF0A72-3190-438B-A238-C1462051B65F}"
EndProject
Project("{FAE04EC0-301F-11D3-BF4B-00C04F79EFBC}") = "MySingularApplication", "MySingularApplication\MySingularApplication.csproj", "{D41E375F-2F40-4EC3-BB99-109CFDFF2605}"
EndProject
Project("{FAE04EC0-301F-11D3-BF4B-00C04F79EFBC}") = "Singular.Web.Admin", "Singular.Web.Admin\Singular.Web.Admin.csproj", "{23DFCBFD-5C8C-4E4B-8993-75B5C2881B86}"
EndProject
Project("{FAE04EC0-301F-11D3-BF4B-00C04F79EFBC}") = "Singular.Web.Common", "Singular.Web.Common\Singular.Web.Common.csproj", "{425320B3-F8D3-4821-AB41-8EAD197C5DCF}"
EndProject
Project("{FAE04EC0-301F-11D3-BF4B-00C04F79EFBC}") = "BoilerPlateMvcWebApiSite", "BoilerPlateMvcWebApiSite\BoilerPlateMvcWebApiSite.csproj", "{E6B36F30-8C97-4FBB-B1A6-C975CF9561DD}"
EndProject
Project("{FAE04EC0-301F-11D3-BF4B-00C04F79EFBC}") = "Singular.Web.Admin.JsTests", "Singular.Web.Admin.JsTests\Singular.Web.Admin.JsTests.csproj", "{7FEA4250-538B-4A37-9909-F2AE03FBB948}"
EndProject
Project("{FAE04EC0-301F-11D3-BF4B-00C04F79EFBC}") = "Singular.Common", "Singular.Common\Singular.Common.csproj", "{2D6996A8-18CF-4A30-BF30-08C0A9A74963}"
EndProject
Global
	GlobalSection(SolutionConfigurationPlatforms) = preSolution
		Debug|Any CPU = Debug|Any CPU
		Release|Any CPU = Release|Any CPU
	EndGlobalSection
	GlobalSection(ProjectConfigurationPlatforms) = postSolution
		{787D17D9-E000-462E-A6C7-B900A2BCAB77}.Debug|Any CPU.ActiveCfg = Debug|Any CPU
		{787D17D9-E000-462E-A6C7-B900A2BCAB77}.Debug|Any CPU.Build.0 = Debug|Any CPU
		{787D17D9-E000-462E-A6C7-B900A2BCAB77}.Release|Any CPU.ActiveCfg = Release|Any CPU
		{787D17D9-E000-462E-A6C7-B900A2BCAB77}.Release|Any CPU.Build.0 = Release|Any CPU
		{844CD718-761B-4DFF-9CE8-704A6F4AA019}.Debug|Any CPU.ActiveCfg = Debug|Any CPU
		{844CD718-761B-4DFF-9CE8-704A6F4AA019}.Debug|Any CPU.Build.0 = Debug|Any CPU
		{844CD718-761B-4DFF-9CE8-704A6F4AA019}.Release|Any CPU.ActiveCfg = Release|Any CPU
		{844CD718-761B-4DFF-9CE8-704A6F4AA019}.Release|Any CPU.Build.0 = Release|Any CPU
		{7AFF0A72-3190-438B-A238-C1462051B65F}.Debug|Any CPU.ActiveCfg = Debug|Any CPU
		{7AFF0A72-3190-438B-A238-C1462051B65F}.Debug|Any CPU.Build.0 = Debug|Any CPU
		{7AFF0A72-3190-438B-A238-C1462051B65F}.Release|Any CPU.ActiveCfg = Release|Any CPU
		{7AFF0A72-3190-438B-A238-C1462051B65F}.Release|Any CPU.Build.0 = Release|Any CPU
		{D41E375F-2F40-4EC3-BB99-109CFDFF2605}.Debug|Any CPU.ActiveCfg = Debug|Any CPU
		{D41E375F-2F40-4EC3-BB99-109CFDFF2605}.Debug|Any CPU.Build.0 = Debug|Any CPU
		{D41E375F-2F40-4EC3-BB99-109CFDFF2605}.Release|Any CPU.ActiveCfg = Release|Any CPU
		{D41E375F-2F40-4EC3-BB99-109CFDFF2605}.Release|Any CPU.Build.0 = Release|Any CPU
		{23DFCBFD-5C8C-4E4B-8993-75B5C2881B86}.Debug|Any CPU.ActiveCfg = Debug|Any CPU
		{23DFCBFD-5C8C-4E4B-8993-75B5C2881B86}.Debug|Any CPU.Build.0 = Debug|Any CPU
		{23DFCBFD-5C8C-4E4B-8993-75B5C2881B86}.Release|Any CPU.ActiveCfg = Release|Any CPU
		{23DFCBFD-5C8C-4E4B-8993-75B5C2881B86}.Release|Any CPU.Build.0 = Release|Any CPU
		{425320B3-F8D3-4821-AB41-8EAD197C5DCF}.Debug|Any CPU.ActiveCfg = Debug|Any CPU
		{425320B3-F8D3-4821-AB41-8EAD197C5DCF}.Debug|Any CPU.Build.0 = Debug|Any CPU
		{425320B3-F8D3-4821-AB41-8EAD197C5DCF}.Release|Any CPU.ActiveCfg = Release|Any CPU
		{425320B3-F8D3-4821-AB41-8EAD197C5DCF}.Release|Any CPU.Build.0 = Release|Any CPU
		{E6B36F30-8C97-4FBB-B1A6-C975CF9561DD}.Debug|Any CPU.ActiveCfg = Debug|Any CPU
		{E6B36F30-8C97-4FBB-B1A6-C975CF9561DD}.Debug|Any CPU.Build.0 = Debug|Any CPU
		{E6B36F30-8C97-4FBB-B1A6-C975CF9561DD}.Release|Any CPU.ActiveCfg = Release|Any CPU
		{E6B36F30-8C97-4FBB-B1A6-C975CF9561DD}.Release|Any CPU.Build.0 = Release|Any CPU
		{7FEA4250-538B-4A37-9909-F2AE03FBB948}.Debug|Any CPU.ActiveCfg = Debug|Any CPU
		{7FEA4250-538B-4A37-9909-F2AE03FBB948}.Debug|Any CPU.Build.0 = Debug|Any CPU
		{7FEA4250-538B-4A37-9909-F2AE03FBB948}.Release|Any CPU.ActiveCfg = Release|Any CPU
		{7FEA4250-538B-4A37-9909-F2AE03FBB948}.Release|Any CPU.Build.0 = Release|Any CPU
		{2D6996A8-18CF-4A30-BF30-08C0A9A74963}.Debug|Any CPU.ActiveCfg = Debug|Any CPU
		{2D6996A8-18CF-4A30-BF30-08C0A9A74963}.Debug|Any CPU.Build.0 = Debug|Any CPU
		{2D6996A8-18CF-4A30-BF30-08C0A9A74963}.Release|Any CPU.ActiveCfg = Release|Any CPU
		{2D6996A8-18CF-4A30-BF30-08C0A9A74963}.Release|Any CPU.Build.0 = Release|Any CPU
	EndGlobalSection
	GlobalSection(SolutionProperties) = preSolution
		HideSolutionNode = FALSE
	EndGlobalSection
EndGlobal
